
Microsoft Visual Studio Solution File, Format Version 12.00
# Visual Studio Version 16
VisualStudioVersion = 16.0.29230.47
MinimumVisualStudioVersion = 10.0.40219.1
Project("{FAE04EC0-301F-11D3-BF4B-00C04F79EFBC}") = "Texture-reCreator", "Texture-reCreator\Texture-reCreator.csproj", "{A061DB98-09EC-45E6-81C4-C66363234A4F}"
EndProject
Global
	GlobalSection(SolutionConfigurationPlatforms) = preSolution
		Debug|Any CPU = Debug|Any CPU
		Release|Any CPU = Release|Any CPU
	EndGlobalSection
	GlobalSection(ProjectConfigurationPlatforms) = postSolution
		{A061DB98-09EC-45E6-81C4-C66363234A4F}.Debug|Any CPU.ActiveCfg = Debug|Any CPU
		{A061DB98-09EC-45E6-81C4-C66363234A4F}.Debug|Any CPU.Build.0 = Debug|Any CPU
		{A061DB98-09EC-45E6-81C4-C66363234A4F}.Release|Any CPU.ActiveCfg = Release|Any CPU
		{A061DB98-09EC-45E6-81C4-C66363234A4F}.Release|Any CPU.Build.0 = Release|Any CPU
	EndGlobalSection
	GlobalSection(SolutionProperties) = preSolution
		HideSolutionNode = FALSE
	EndGlobalSection
	GlobalSection(ExtensibilityGlobals) = postSolution
		SolutionGuid = {F420DE11-42DC-4D80-BABB-B1127FEC2A8B}
	EndGlobalSection
EndGlobal
